// !$*UTF8*$!
{
	archiveVersion = 1;
	classes = {
	};
	objectVersion = 55;
	objects = {

/* Begin PBXBuildFile section */
		D01217B12AC4E03B00287B0A /* AppDelegate.swift in Sources */ = {isa = PBXBuildFile; fileRef = D01217B02AC4E03B00287B0A /* AppDelegate.swift */; };
		D01217B32AC4E03B00287B0A /* SceneDelegate.swift in Sources */ = {isa = PBXBuildFile; fileRef = D01217B22AC4E03B00287B0A /* SceneDelegate.swift */; };
		D01217B52AC4E03B00287B0A /* ViewController.swift in Sources */ = {isa = PBXBuildFile; fileRef = D01217B42AC4E03B00287B0A /* ViewController.swift */; };
		D01217B82AC4E03B00287B0A /* Main.storyboard in Resources */ = {isa = PBXBuildFile; fileRef = D01217B62AC4E03B00287B0A /* Main.storyboard */; };
		D01217BA2AC4E03C00287B0A /* Assets.xcassets in Resources */ = {isa = PBXBuildFile; fileRef = D01217B92AC4E03C00287B0A /* Assets.xcassets */; };
		D01217BD2AC4E03C00287B0A /* LaunchScreen.storyboard in Resources */ = {isa = PBXBuildFile; fileRef = D01217BB2AC4E03C00287B0A /* LaunchScreen.storyboard */; };
		D01217C82AC4E03C00287B0A /* HackwichFive_MASTERTests.swift in Sources */ = {isa = PBXBuildFile; fileRef = D01217C72AC4E03C00287B0A /* HackwichFive_MASTERTests.swift */; };
		D01217D22AC4E03C00287B0A /* HackwichFive_MASTERUITests.swift in Sources */ = {isa = PBXBuildFile; fileRef = D01217D12AC4E03C00287B0A /* HackwichFive_MASTERUITests.swift */; };
		D01217D42AC4E03C00287B0A /* HackwichFive_MASTERUITestsLaunchTests.swift in Sources */ = {isa = PBXBuildFile; fileRef = D01217D32AC4E03C00287B0A /* HackwichFive_MASTERUITestsLaunchTests.swift */; };
/* End PBXBuildFile section */

/* Begin PBXContainerItemProxy section */
		D01217C42AC4E03C00287B0A /* PBXContainerItemProxy */ = {
			isa = PBXContainerItemProxy;
			containerPortal = D01217A52AC4E03A00287B0A /* Project object */;
			proxyType = 1;
			remoteGlobalIDString = D01217AC2AC4E03B00287B0A;
			remoteInfo = HackwichFive_MASTER;
		};
		D01217CE2AC4E03C00287B0A /* PBXContainerItemProxy */ = {
			isa = PBXContainerItemProxy;
			containerPortal = D01217A52AC4E03A00287B0A /* Project object */;
			proxyType = 1;
			remoteGlobalIDString = D01217AC2AC4E03B00287B0A;
			remoteInfo = HackwichFive_MASTER;
		};
/* End PBXContainerItemProxy section */

/* Begin PBXFileReference section */
		D01217AD2AC4E03B00287B0A /* HackwichFive_MASTER.app */ = {isa = PBXFileReference; explicitFileType = wrapper.application; includeInIndex = 0; path = HackwichFive_MASTER.app; sourceTree = BUILT_PRODUCTS_DIR; };
		D01217B02AC4E03B00287B0A /* AppDelegate.swift */ = {isa = PBXFileReference; lastKnownFileType = sourcecode.swift; path = AppDelegate.swift; sourceTree = "<group>"; };
		D01217B22AC4E03B00287B0A /* SceneDelegate.swift */ = {isa = PBXFileReference; lastKnownFileType = sourcecode.swift; path = SceneDelegate.swift; sourceTree = "<group>"; };
		D01217B42AC4E03B00287B0A /* ViewController.swift */ = {isa = PBXFileReference; lastKnownFileType = sourcecode.swift; path = ViewController.swift; sourceTree = "<group>"; };
		D01217B72AC4E03B00287B0A /* Base */ = {isa = PBXFileReference; lastKnownFileType = file.storyboard; name = Base; path = Base.lproj/Main.storyboard; sourceTree = "<group>"; };
		D01217B92AC4E03C00287B0A /* Assets.xcassets */ = {isa = PBXFileReference; lastKnownFileType = folder.assetcatalog; path = Assets.xcassets; sourceTree = "<group>"; };
		D01217BC2AC4E03C00287B0A /* Base */ = {isa = PBXFileReference; lastKnownFileType = file.storyboard; name = Base; path = Base.lproj/LaunchScreen.storyboard; sourceTree = "<group>"; };
		D01217BE2AC4E03C00287B0A /* Info.plist */ = {isa = PBXFileReference; lastKnownFileType = text.plist.xml; path = Info.plist; sourceTree = "<group>"; };
		D01217C32AC4E03C00287B0A /* HackwichFive_MASTERTests.xctest */ = {isa = PBXFileReference; explicitFileType = wrapper.cfbundle; includeInIndex = 0; path = HackwichFive_MASTERTests.xctest; sourceTree = BUILT_PRODUCTS_DIR; };
		D01217C72AC4E03C00287B0A /* HackwichFive_MASTERTests.swift */ = {isa = PBXFileReference; lastKnownFileType = sourcecode.swift; path = HackwichFive_MASTERTests.swift; sourceTree = "<group>"; };
		D01217CD2AC4E03C00287B0A /* HackwichFive_MASTERUITests.xctest */ = {isa = PBXFileReference; explicitFileType = wrapper.cfbundle; includeInIndex = 0; path = HackwichFive_MASTERUITests.xctest; sourceTree = BUILT_PRODUCTS_DIR; };
		D01217D12AC4E03C00287B0A /* HackwichFive_MASTERUITests.swift */ = {isa = PBXFileReference; lastKnownFileType = sourcecode.swift; path = HackwichFive_MASTERUITests.swift; sourceTree = "<group>"; };
		D01217D32AC4E03C00287B0A /* HackwichFive_MASTERUITestsLaunchTests.swift */ = {isa = PBXFileReference; lastKnownFileType = sourcecode.swift; path = HackwichFive_MASTERUITestsLaunchTests.swift; sourceTree = "<group>"; };
/* End PBXFileReference section */

/* Begin PBXFrameworksBuildPhase section */
		D01217AA2AC4E03B00287B0A /* Frameworks */ = {
			isa = PBXFrameworksBuildPhase;
			buildActionMask = 2147483647;
			files = (
			);
			runOnlyForDeploymentPostprocessing = 0;
		};
		D01217C02AC4E03C00287B0A /* Frameworks */ = {
			isa = PBXFrameworksBuildPhase;
			buildActionMask = 2147483647;
			files = (
			);
			runOnlyForDeploymentPostprocessing = 0;
		};
		D01217CA2AC4E03C00287B0A /* Frameworks */ = {
			isa = PBXFrameworksBuildPhase;
			buildActionMask = 2147483647;
			files = (
			);
			runOnlyForDeploymentPostprocessing = 0;
		};
/* End PBXFrameworksBuildPhase section */

/* Begin PBXGroup section */
		D01217A42AC4E03A00287B0A = {
			isa = PBXGroup;
			children = (
				D01217AF2AC4E03B00287B0A /* HackwichFive_MASTER */,
				D01217C62AC4E03C00287B0A /* HackwichFive_MASTERTests */,
				D01217D02AC4E03C00287B0A /* HackwichFive_MASTERUITests */,
				D01217AE2AC4E03B00287B0A /* Products */,
			);
			sourceTree = "<group>";
		};
		D01217AE2AC4E03B00287B0A /* Products */ = {
			isa = PBXGroup;
			children = (
				D01217AD2AC4E03B00287B0A /* HackwichFive_MASTER.app */,
				D01217C32AC4E03C00287B0A /* HackwichFive_MASTERTests.xctest */,
				D01217CD2AC4E03C00287B0A /* HackwichFive_MASTERUITests.xctest */,
			);
			name = Products;
			sourceTree = "<group>";
		};
		D01217AF2AC4E03B00287B0A /* HackwichFive_MASTER */ = {
			isa = PBXGroup;
			children = (
				D01217B02AC4E03B00287B0A /* AppDelegate.swift */,
				D01217B22AC4E03B00287B0A /* SceneDelegate.swift */,
				D01217B42AC4E03B00287B0A /* ViewController.swift */,
				D01217B62AC4E03B00287B0A /* Main.storyboard */,
				D01217B92AC4E03C00287B0A /* Assets.xcassets */,
				D01217BB2AC4E03C00287B0A /* LaunchScreen.storyboard */,
				D01217BE2AC4E03C00287B0A /* Info.plist */,
			);
			path = HackwichFive_MASTER;
			sourceTree = "<group>";
		};
		D01217C62AC4E03C00287B0A /* HackwichFive_MASTERTests */ = {
			isa = PBXGroup;
			children = (
				D01217C72AC4E03C00287B0A /* HackwichFive_MASTERTests.swift */,
			);
			path = HackwichFive_MASTERTests;
			sourceTree = "<group>";
		};
		D01217D02AC4E03C00287B0A /* HackwichFive_MASTERUITests */ = {
			isa = PBXGroup;
			children = (
				D01217D12AC4E03C00287B0A /* HackwichFive_MASTERUITests.swift */,
				D01217D32AC4E03C00287B0A /* HackwichFive_MASTERUITestsLaunchTests.swift */,
			);
			path = HackwichFive_MASTERUITests;
			sourceTree = "<group>";
		};
/* End PBXGroup section */

/* Begin PBXNativeTarget section */
		D01217AC2AC4E03B00287B0A /* HackwichFive_MASTER */ = {
			isa = PBXNativeTarget;
			buildConfigurationList = D01217D72AC4E03C00287B0A /* Build configuration list for PBXNativeTarget "HackwichFive_MASTER" */;
			buildPhases = (
				D01217A92AC4E03B00287B0A /* Sources */,
				D01217AA2AC4E03B00287B0A /* Frameworks */,
				D01217AB2AC4E03B00287B0A /* Resources */,
			);
			buildRules = (
			);
			dependencies = (
			);
			name = HackwichFive_MASTER;
			productName = HackwichFive_MASTER;
			productReference = D01217AD2AC4E03B00287B0A /* HackwichFive_MASTER.app */;
			productType = "com.apple.product-type.application";
		};
		D01217C22AC4E03C00287B0A /* HackwichFive_MASTERTests */ = {
			isa = PBXNativeTarget;
			buildConfigurationList = D01217DA2AC4E03C00287B0A /* Build configuration list for PBXNativeTarget "HackwichFive_MASTERTests" */;
			buildPhases = (
				D01217BF2AC4E03C00287B0A /* Sources */,
				D01217C02AC4E03C00287B0A /* Frameworks */,
				D01217C12AC4E03C00287B0A /* Resources */,
			);
			buildRules = (
			);
			dependencies = (
				D01217C52AC4E03C00287B0A /* PBXTargetDependency */,
			);
			name = HackwichFive_MASTERTests;
			productName = HackwichFive_MASTERTests;
			productReference = D01217C32AC4E03C00287B0A /* HackwichFive_MASTERTests.xctest */;
			productType = "com.apple.product-type.bundle.unit-test";
		};
		D01217CC2AC4E03C00287B0A /* HackwichFive_MASTERUITests */ = {
			isa = PBXNativeTarget;
			buildConfigurationList = D01217DD2AC4E03C00287B0A /* Build configuration list for PBXNativeTarget "HackwichFive_MASTERUITests" */;
			buildPhases = (
				D01217C92AC4E03C00287B0A /* Sources */,
				D01217CA2AC4E03C00287B0A /* Frameworks */,
				D01217CB2AC4E03C00287B0A /* Resources */,
			);
			buildRules = (
			);
			dependencies = (
				D01217CF2AC4E03C00287B0A /* PBXTargetDependency */,
			);
			name = HackwichFive_MASTERUITests;
			productName = HackwichFive_MASTERUITests;
			productReference = D01217CD2AC4E03C00287B0A /* HackwichFive_MASTERUITests.xctest */;
			productType = "com.apple.product-type.bundle.ui-testing";
		};
/* End PBXNativeTarget section */

/* Begin PBXProject section */
		D01217A52AC4E03A00287B0A /* Project object */ = {
			isa = PBXProject;
			attributes = {
				BuildIndependentTargetsInParallel = 1;
				LastSwiftUpdateCheck = 1340;
				LastUpgradeCheck = 1340;
				TargetAttributes = {
					D01217AC2AC4E03B00287B0A = {
						CreatedOnToolsVersion = 13.4.1;
					};
					D01217C22AC4E03C00287B0A = {
						CreatedOnToolsVersion = 13.4.1;
						TestTargetID = D01217AC2AC4E03B00287B0A;
					};
					D01217CC2AC4E03C00287B0A = {
						CreatedOnToolsVersion = 13.4.1;
						TestTargetID = D01217AC2AC4E03B00287B0A;
					};
				};
			};
			buildConfigurationList = D01217A82AC4E03A00287B0A /* Build configuration list for PBXProject "HackwichFive_MASTER" */;
			compatibilityVersion = "Xcode 13.0";
			developmentRegion = en;
			hasScannedForEncodings = 0;
			knownRegions = (
				en,
				Base,
			);
			mainGroup = D01217A42AC4E03A00287B0A;
			productRefGroup = D01217AE2AC4E03B00287B0A /* Products */;
			projectDirPath = "";
			projectRoot = "";
			targets = (
				D01217AC2AC4E03B00287B0A /* HackwichFive_MASTER */,
				D01217C22AC4E03C00287B0A /* HackwichFive_MASTERTests */,
				D01217CC2AC4E03C00287B0A /* HackwichFive_MASTERUITests */,
			);
		};
/* End PBXProject section */

/* Begin PBXResourcesBuildPhase section */
		D01217AB2AC4E03B00287B0A /* Resources */ = {
			isa = PBXResourcesBuildPhase;
			buildActionMask = 2147483647;
			files = (
				D01217BD2AC4E03C00287B0A /* LaunchScreen.storyboard in Resources */,
				D01217BA2AC4E03C00287B0A /* Assets.xcassets in Resources */,
				D01217B82AC4E03B00287B0A /* Main.storyboard in Resources */,
			);
			runOnlyForDeploymentPostprocessing = 0;
		};
		D01217C12AC4E03C00287B0A /* Resources */ = {
			isa = PBXResourcesBuildPhase;
			buildActionMask = 2147483647;
			files = (
			);
			runOnlyForDeploymentPostprocessing = 0;
		};
		D01217CB2AC4E03C00287B0A /* Resources */ = {
			isa = PBXResourcesBuildPhase;
			buildActionMask = 2147483647;
			files = (
			);
			runOnlyForDeploymentPostprocessing = 0;
		};
/* End PBXResourcesBuildPhase section */

/* Begin PBXSourcesBuildPhase section */
		D01217A92AC4E03B00287B0A /* Sources */ = {
			isa = PBXSourcesBuildPhase;
			buildActionMask = 2147483647;
			files = (
				D01217B52AC4E03B00287B0A /* ViewController.swift in Sources */,
				D01217B12AC4E03B00287B0A /* AppDelegate.swift in Sources */,
				D01217B32AC4E03B00287B0A /* SceneDelegate.swift in Sources */,
			);
			runOnlyForDeploymentPostprocessing = 0;
		};
		D01217BF2AC4E03C00287B0A /* Sources */ = {
			isa = PBXSourcesBuildPhase;
			buildActionMask = 2147483647;
			files = (
				D01217C82AC4E03C00287B0A /* HackwichFive_MASTERTests.swift in Sources */,
			);
			runOnlyForDeploymentPostprocessing = 0;
		};
		D01217C92AC4E03C00287B0A /* Sources */ = {
			isa = PBXSourcesBuildPhase;
			buildActionMask = 2147483647;
			files = (
				D01217D42AC4E03C00287B0A /* HackwichFive_MASTERUITestsLaunchTests.swift in Sources */,
				D01217D22AC4E03C00287B0A /* HackwichFive_MASTERUITests.swift in Sources */,
			);
			runOnlyForDeploymentPostprocessing = 0;
		};
/* End PBXSourcesBuildPhase section */

/* Begin PBXTargetDependency section */
		D01217C52AC4E03C00287B0A /* PBXTargetDependency */ = {
			isa = PBXTargetDependency;
			target = D01217AC2AC4E03B00287B0A /* HackwichFive_MASTER */;
			targetProxy = D01217C42AC4E03C00287B0A /* PBXContainerItemProxy */;
		};
		D01217CF2AC4E03C00287B0A /* PBXTargetDependency */ = {
			isa = PBXTargetDependency;
			target = D01217AC2AC4E03B00287B0A /* HackwichFive_MASTER */;
			targetProxy = D01217CE2AC4E03C00287B0A /* PBXContainerItemProxy */;
		};
/* End PBXTargetDependency section */

/* Begin PBXVariantGroup section */
		D01217B62AC4E03B00287B0A /* Main.storyboard */ = {
			isa = PBXVariantGroup;
			children = (
				D01217B72AC4E03B00287B0A /* Base */,
			);
			name = Main.storyboard;
			sourceTree = "<group>";
		};
		D01217BB2AC4E03C00287B0A /* LaunchScreen.storyboard */ = {
			isa = PBXVariantGroup;
			children = (
				D01217BC2AC4E03C00287B0A /* Base */,
			);
			name = LaunchScreen.storyboard;
			sourceTree = "<group>";
		};
/* End PBXVariantGroup section */

/* Begin XCBuildConfiguration section */
		D01217D52AC4E03C00287B0A /* Debug */ = {
			isa = XCBuildConfiguration;
			buildSettings = {
				ALWAYS_SEARCH_USER_PATHS = NO;
				CLANG_ANALYZER_NONNULL = YES;
				CLANG_ANALYZER_NUMBER_OBJECT_CONVERSION = YES_AGGRESSIVE;
				CLANG_CXX_LANGUAGE_STANDARD = "gnu++17";
				CLANG_ENABLE_MODULES = YES;
				CLANG_ENABLE_OBJC_ARC = YES;
				CLANG_ENABLE_OBJC_WEAK = YES;
				CLANG_WARN_BLOCK_CAPTURE_AUTORELEASING = YES;
				CLANG_WARN_BOOL_CONVERSION = YES;
				CLANG_WARN_COMMA = YES;
				CLANG_WARN_CONSTANT_CONVERSION = YES;
				CLANG_WARN_DEPRECATED_OBJC_IMPLEMENTATIONS = YES;
				CLANG_WARN_DIRECT_OBJC_ISA_USAGE = YES_ERROR;
				CLANG_WARN_DOCUMENTATION_COMMENTS = YES;
				CLANG_WARN_EMPTY_BODY = YES;
				CLANG_WARN_ENUM_CONVERSION = YES;
				CLANG_WARN_INFINITE_RECURSION = YES;
				CLANG_WARN_INT_CONVERSION = YES;
				CLANG_WARN_NON_LITERAL_NULL_CONVERSION = YES;
				CLANG_WARN_OBJC_IMPLICIT_RETAIN_SELF = YES;
				CLANG_WARN_OBJC_LITERAL_CONVERSION = YES;
				CLANG_WARN_OBJC_ROOT_CLASS = YES_ERROR;
				CLANG_WARN_QUOTED_INCLUDE_IN_FRAMEWORK_HEADER = YES;
				CLANG_WARN_RANGE_LOOP_ANALYSIS = YES;
				CLANG_WARN_STRICT_PROTOTYPES = YES;
				CLANG_WARN_SUSPICIOUS_MOVE = YES;
				CLANG_WARN_UNGUARDED_AVAILABILITY = YES_AGGRESSIVE;
				CLANG_WARN_UNREACHABLE_CODE = YES;
				CLANG_WARN__DUPLICATE_METHOD_MATCH = YES;
				COPY_PHASE_STRIP = NO;
				DEBUG_INFORMATION_FORMAT = dwarf;
				ENABLE_STRICT_OBJC_MSGSEND = YES;
				ENABLE_TESTABILITY = YES;
				GCC_C_LANGUAGE_STANDARD = gnu11;
				GCC_DYNAMIC_NO_PIC = NO;
				GCC_NO_COMMON_BLOCKS = YES;
				GCC_OPTIMIZATION_LEVEL = 0;
				GCC_PREPROCESSOR_DEFINITIONS = (
					"DEBUG=1",
					"$(inherited)",
				);
				GCC_WARN_64_TO_32_BIT_CONVERSION = YES;
				GCC_WARN_ABOUT_RETURN_TYPE = YES_ERROR;
				GCC_WARN_UNDECLARED_SELECTOR = YES;
				GCC_WARN_UNINITIALIZED_AUTOS = YES_AGGRESSIVE;
				GCC_WARN_UNUSED_FUNCTION = YES;
				GCC_WARN_UNUSED_VARIABLE = YES;
				IPHONEOS_DEPLOYMENT_TARGET = 15.5;
				MTL_ENABLE_DEBUG_INFO = INCLUDE_SOURCE;
				MTL_FAST_MATH = YES;
				ONLY_ACTIVE_ARCH = YES;
				SDKROOT = iphoneos;
				SWIFT_ACTIVE_COMPILATION_CONDITIONS = DEBUG;
				SWIFT_OPTIMIZATION_LEVEL = "-Onone";
			};
			name = Debug;
		};
		D01217D62AC4E03C00287B0A /* Release */ = {
			isa = XCBuildConfiguration;
			buildSettings = {
				ALWAYS_SEARCH_USER_PATHS = NO;
				CLANG_ANALYZER_NONNULL = YES;
				CLANG_ANALYZER_NUMBER_OBJECT_CONVERSION = YES_AGGRESSIVE;
				CLANG_CXX_LANGUAGE_STANDARD = "gnu++17";
				CLANG_ENABLE_MODULES = YES;
				CLANG_ENABLE_OBJC_ARC = YES;
				CLANG_ENABLE_OBJC_WEAK = YES;
				CLANG_WARN_BLOCK_CAPTURE_AUTORELEASING = YES;
				CLANG_WARN_BOOL_CONVERSION = YES;
				CLANG_WARN_COMMA = YES;
				CLANG_WARN_CONSTANT_CONVERSION = YES;
				CLANG_WARN_DEPRECATED_OBJC_IMPLEMENTATIONS = YES;
				CLANG_WARN_DIRECT_OBJC_ISA_USAGE = YES_ERROR;
				CLANG_WARN_DOCUMENTATION_COMMENTS = YES;
				CLANG_WARN_EMPTY_BODY = YES;
				CLANG_WARN_ENUM_CONVERSION = YES;
				CLANG_WARN_INFINITE_RECURSION = YES;
				CLANG_WARN_INT_CONVERSION = YES;
				CLANG_WARN_NON_LITERAL_NULL_CONVERSION = YES;
				CLANG_WARN_OBJC_IMPLICIT_RETAIN_SELF = YES;
				CLANG_WARN_OBJC_LITERAL_CONVERSION = YES;
				CLANG_WARN_OBJC_ROOT_CLASS = YES_ERROR;
				CLANG_WARN_QUOTED_INCLUDE_IN_FRAMEWORK_HEADER = YES;
				CLANG_WARN_RANGE_LOOP_ANALYSIS = YES;
				CLANG_WARN_STRICT_PROTOTYPES = YES;
				CLANG_WARN_SUSPICIOUS_MOVE = YES;
				CLANG_WARN_UNGUARDED_AVAILABILITY = YES_AGGRESSIVE;
				CLANG_WARN_UNREACHABLE_CODE = YES;
				CLANG_WARN__DUPLICATE_METHOD_MATCH = YES;
				COPY_PHASE_STRIP = NO;
				DEBUG_INFORMATION_FORMAT = "dwarf-with-dsym";
				ENABLE_NS_ASSERTIONS = NO;
				ENABLE_STRICT_OBJC_MSGSEND = YES;
				GCC_C_LANGUAGE_STANDARD = gnu11;
				GCC_NO_COMMON_BLOCKS = YES;
				GCC_WARN_64_TO_32_BIT_CONVERSION = YES;
				GCC_WARN_ABOUT_RETURN_TYPE = YES_ERROR;
				GCC_WARN_UNDECLARED_SELECTOR = YES;
				GCC_WARN_UNINITIALIZED_AUTOS = YES_AGGRESSIVE;
				GCC_WARN_UNUSED_FUNCTION = YES;
				GCC_WARN_UNUSED_VARIABLE = YES;
				IPHONEOS_DEPLOYMENT_TARGET = 15.5;
				MTL_ENABLE_DEBUG_INFO = NO;
				MTL_FAST_MATH = YES;
				SDKROOT = iphoneos;
				SWIFT_COMPILATION_MODE = wholemodule;
				SWIFT_OPTIMIZATION_LEVEL = "-O";
				VALIDATE_PRODUCT = YES;
			};
			name = Release;
		};
		D01217D82AC4E03C00287B0A /* Debug */ = {
			isa = XCBuildConfiguration;
			buildSettings = {
				ASSETCATALOG_COMPILER_APPICON_NAME = AppIcon;
				ASSETCATALOG_COMPILER_GLOBAL_ACCENT_COLOR_NAME = AccentColor;
				CODE_SIGN_STYLE = Automatic;
				CURRENT_PROJECT_VERSION = 1;
				DEVELOPMENT_TEAM = RKE9UY8PW2;
				GENERATE_INFOPLIST_FILE = YES;
				INFOPLIST_FILE = HackwichFive_MASTER/Info.plist;
				INFOPLIST_KEY_UIApplicationSupportsIndirectInputEvents = YES;
				INFOPLIST_KEY_UILaunchStoryboardName = LaunchScreen;
				INFOPLIST_KEY_UIMainStoryboardFile = Main;
				INFOPLIST_KEY_UISupportedInterfaceOrientations_iPad = "UIInterfaceOrientationPortrait UIInterfaceOrientationPortraitUpsideDown UIInterfaceOrientationLandscapeLeft UIInterfaceOrientationLandscapeRight";
				INFOPLIST_KEY_UISupportedInterfaceOrientations_iPhone = "UIInterfaceOrientationPortrait UIInterfaceOrientationLandscapeLeft UIInterfaceOrientationLandscapeRight";
				LD_RUNPATH_SEARCH_PATHS = (
					"$(inherited)",
					"@executable_path/Frameworks",
				);
				MARKETING_VERSION = 1.0;
				PRODUCT_BUNDLE_IDENTIFIER = "UHWO.HackwichFive-MASTER";
				PRODUCT_NAME = "$(TARGET_NAME)";
				SWIFT_EMIT_LOC_STRINGS = YES;
				SWIFT_VERSION = 5.0;
				TARGETED_DEVICE_FAMILY = "1,2";
			};
			name = Debug;
		};
		D01217D92AC4E03C00287B0A /* Release */ = {
			isa = XCBuildConfiguration;
			buildSettings = {
				ASSETCATALOG_COMPILER_APPICON_NAME = AppIcon;
				ASSETCATALOG_COMPILER_GLOBAL_ACCENT_COLOR_NAME = AccentColor;
				CODE_SIGN_STYLE = Automatic;
				CURRENT_PROJECT_VERSION = 1;
				DEVELOPMENT_TEAM = RKE9UY8PW2;
				GENERATE_INFOPLIST_FILE = YES;
				INFOPLIST_FILE = HackwichFive_MASTER/Info.plist;
				INFOPLIST_KEY_UIApplicationSupportsIndirectInputEvents = YES;
				INFOPLIST_KEY_UILaunchStoryboardName = LaunchScreen;
				INFOPLIST_KEY_UIMainStoryboardFile = Main;
				INFOPLIST_KEY_UISupportedInterfaceOrientations_iPad = "UIInterfaceOrientationPortrait UIInterfaceOrientationPortraitUpsideDown UIInterfaceOrientationLandscapeLeft UIInterfaceOrientationLandscapeRight";
				INFOPLIST_KEY_UISupportedInterfaceOrientations_iPhone = "UIInterfaceOrientationPortrait UIInterfaceOrientationLandscapeLeft UIInterfaceOrientationLandscapeRight";
				LD_RUNPATH_SEARCH_PATHS = (
					"$(inherited)",
					"@executable_path/Frameworks",
				);
				MARKETING_VERSION = 1.0;
				PRODUCT_BUNDLE_IDENTIFIER = "UHWO.HackwichFive-MASTER";
				PRODUCT_NAME = "$(TARGET_NAME)";
				SWIFT_EMIT_LOC_STRINGS = YES;
				SWIFT_VERSION = 5.0;
				TARGETED_DEVICE_FAMILY = "1,2";
			};
			name = Release;
		};
		D01217DB2AC4E03C00287B0A /* Debug */ = {
			isa = XCBuildConfiguration;
			buildSettings = {
				ALWAYS_EMBED_SWIFT_STANDARD_LIBRARIES = YES;
				BUNDLE_LOADER = "$(TEST_HOST)";
				CODE_SIGN_STYLE = Automatic;
				CURRENT_PROJECT_VERSION = 1;
				DEVELOPMENT_TEAM = RKE9UY8PW2;
				GENERATE_INFOPLIST_FILE = YES;
				IPHONEOS_DEPLOYMENT_TARGET = 15.5;
				MARKETING_VERSION = 1.0;
				PRODUCT_BUNDLE_IDENTIFIER = "UHWO.HackwichFive-MASTERTests";
				PRODUCT_NAME = "$(TARGET_NAME)";
				SWIFT_EMIT_LOC_STRINGS = NO;
				SWIFT_VERSION = 5.0;
				TARGETED_DEVICE_FAMILY = "1,2";
				TEST_HOST = "$(BUILT_PRODUCTS_DIR)/HackwichFive_MASTER.app/HackwichFive_MASTER";
			};
			name = Debug;
		};
		D01217DC2AC4E03C00287B0A /* Release */ = {
			isa = XCBuildConfiguration;
			buildSettings = {
				ALWAYS_EMBED_SWIFT_STANDARD_LIBRARIES = YES;
				BUNDLE_LOADER = "$(TEST_HOST)";
				CODE_SIGN_STYLE = Automatic;
				CURRENT_PROJECT_VERSION = 1;
				DEVELOPMENT_TEAM = RKE9UY8PW2;
				GENERATE_INFOPLIST_FILE = YES;
				IPHONEOS_DEPLOYMENT_TARGET = 15.5;
				MARKETING_VERSION = 1.0;
				PRODUCT_BUNDLE_IDENTIFIER = "UHWO.HackwichFive-MASTERTests";
				PRODUCT_NAME = "$(TARGET_NAME)";
				SWIFT_EMIT_LOC_STRINGS = NO;
				SWIFT_VERSION = 5.0;
				TARGETED_DEVICE_FAMILY = "1,2";
				TEST_HOST = "$(BUILT_PRODUCTS_DIR)/HackwichFive_MASTER.app/HackwichFive_MASTER";
			};
			name = Release;
		};
		D01217DE2AC4E03C00287B0A /* Debug */ = {
			isa = XCBuildConfiguration;
			buildSettings = {
				ALWAYS_EMBED_SWIFT_STANDARD_LIBRARIES = YES;
				CODE_SIGN_STYLE = Automatic;
				CURRENT_PROJECT_VERSION = 1;
				DEVELOPMENT_TEAM = RKE9UY8PW2;
				GENERATE_INFOPLIST_FILE = YES;
				MARKETING_VERSION = 1.0;
				PRODUCT_BUNDLE_IDENTIFIER = "UHWO.HackwichFive-MASTERUITests";
				PRODUCT_NAME = "$(TARGET_NAME)";
				SWIFT_EMIT_LOC_STRINGS = NO;
				SWIFT_VERSION = 5.0;
				TARGETED_DEVICE_FAMILY = "1,2";
				TEST_TARGET_NAME = HackwichFive_MASTER;
			};
			name = Debug;
		};
		D01217DF2AC4E03C00287B0A /* Release */ = {
			isa = XCBuildConfiguration;
			buildSettings = {
				ALWAYS_EMBED_SWIFT_STANDARD_LIBRARIES = YES;
				CODE_SIGN_STYLE = Automatic;
				CURRENT_PROJECT_VERSION = 1;
				DEVELOPMENT_TEAM = RKE9UY8PW2;
				GENERATE_INFOPLIST_FILE = YES;
				MARKETING_VERSION = 1.0;
				PRODUCT_BUNDLE_IDENTIFIER = "UHWO.HackwichFive-MASTERUITests";
				PRODUCT_NAME = "$(TARGET_NAME)";
				SWIFT_EMIT_LOC_STRINGS = NO;
				SWIFT_VERSION = 5.0;
				TARGETED_DEVICE_FAMILY = "1,2";
				TEST_TARGET_NAME = HackwichFive_MASTER;
			};
			name = Release;
		};
/* End XCBuildConfiguration section */

/* Begin XCConfigurationList section */
		D01217A82AC4E03A00287B0A /* Build configuration list for PBXProject "HackwichFive_MASTER" */ = {
			isa = XCConfigurationList;
			buildConfigurations = (
				D01217D52AC4E03C00287B0A /* Debug */,
				D01217D62AC4E03C00287B0A /* Release */,
			);
			defaultConfigurationIsVisible = 0;
			defaultConfigurationName = Release;
		};
		D01217D72AC4E03C00287B0A /* Build configuration list for PBXNativeTarget "HackwichFive_MASTER" */ = {
			isa = XCConfigurationList;
			buildConfigurations = (
				D01217D82AC4E03C00287B0A /* Debug */,
				D01217D92AC4E03C00287B0A /* Release */,
			);
			defaultConfigurationIsVisible = 0;
			defaultConfigurationName = Release;
		};
		D01217DA2AC4E03C00287B0A /* Build configuration list for PBXNativeTarget "HackwichFive_MASTERTests" */ = {
			isa = XCConfigurationList;
			buildConfigurations = (
				D01217DB2AC4E03C00287B0A /* Debug */,
				D01217DC2AC4E03C00287B0A /* Release */,
			);
			defaultConfigurationIsVisible = 0;
			defaultConfigurationName = Release;
		};
		D01217DD2AC4E03C00287B0A /* Build configuration list for PBXNativeTarget "HackwichFive_MASTERUITests" */ = {
			isa = XCConfigurationList;
			buildConfigurations = (
				D01217DE2AC4E03C00287B0A /* Debug */,
				D01217DF2AC4E03C00287B0A /* Release */,
			);
			defaultConfigurationIsVisible = 0;
			defaultConfigurationName = Release;
		};
/* End XCConfigurationList section */
	};
	rootObject = D01217A52AC4E03A00287B0A /* Project object */;
}
